
Microsoft Visual Studio Solution File, Format Version 12.00
# Visual Studio Version 16
VisualStudioVersion = 16.0.32630.194
MinimumVisualStudioVersion = 10.0.40219.1
Project("{E24C65DC-7377-472B-9ABA-BC803B73C61A}") = "YemekTarifiSite", "YemekTarifiSite\", "{43021205-239E-4133-9626-606712002AB2}"
	ProjectSection(WebsiteProperties) = preProject
		TargetFrameworkMoniker = ".NETFramework,Version%3Dv4.7.2"
		Debug.AspNetCompiler.VirtualPath = "/localhost_54065"
		Debug.AspNetCompiler.PhysicalPath = "YemekTarifiSite\"
		Debug.AspNetCompiler.TargetPath = "PrecompiledWeb\localhost_54065\"
		Debug.AspNetCompiler.Updateable = "true"
		Debug.AspNetCompiler.ForceOverwrite = "true"
		Debug.AspNetCompiler.FixedNames = "false"
		Debug.AspNetCompiler.Debug = "True"
		Release.AspNetCompiler.VirtualPath = "/localhost_54065"
		Release.AspNetCompiler.PhysicalPath = "YemekTarifiSite\"
		Release.AspNetCompiler.TargetPath = "PrecompiledWeb\localhost_54065\"
		Release.AspNetCompiler.Updateable = "true"
		Release.AspNetCompiler.ForceOverwrite = "true"
		Release.AspNetCompiler.FixedNames = "false"
		Release.AspNetCompiler.Debug = "False"
		VWDPort = "54065"
		SlnRelativePath = "YemekTarifiSite\"
		DefaultWebSiteLanguage = "Visual C#"
	EndProjectSection
EndProject
Global
	GlobalSection(SolutionConfigurationPlatforms) = preSolution
		Debug|Any CPU = Debug|Any CPU
	EndGlobalSection
	GlobalSection(ProjectConfigurationPlatforms) = postSolution
		{43021205-239E-4133-9626-606712002AB2}.Debug|Any CPU.ActiveCfg = Debug|Any CPU
		{43021205-239E-4133-9626-606712002AB2}.Debug|Any CPU.Build.0 = Debug|Any CPU
	EndGlobalSection
	GlobalSection(SolutionProperties) = preSolution
		HideSolutionNode = FALSE
	EndGlobalSection
	GlobalSection(ExtensibilityGlobals) = postSolution
		SolutionGuid = {D0CCCED6-D473-45AC-A776-3A5F42A034CB}
	EndGlobalSection
EndGlobal
